
Microsoft Visual Studio Solution File, Format Version 12.00
# Visual Studio Version 17
VisualStudioVersion = 17.5.002.0
MinimumVisualStudioVersion = 10.0.40219.1
Project("{9A19103F-16F7-4668-BE54-9A1E7A4F7556}") = "KioskApi2", "KioskApi2.csproj", "{ECF00045-E07E-4B46-84C0-A9E61B38771F}"
EndProject
Global
	GlobalSection(SolutionConfigurationPlatforms) = preSolution
		Debug|Any CPU = Debug|Any CPU
		Release|Any CPU = Release|Any CPU
	EndGlobalSection
	GlobalSection(ProjectConfigurationPlatforms) = postSolution
		{ECF00045-E07E-4B46-84C0-A9E61B38771F}.Debug|Any CPU.ActiveCfg = Debug|Any CPU
		{ECF00045-E07E-4B46-84C0-A9E61B38771F}.Debug|Any CPU.Build.0 = Debug|Any CPU
		{ECF00045-E07E-4B46-84C0-A9E61B38771F}.Release|Any CPU.ActiveCfg = Release|Any CPU
		{ECF00045-E07E-4B46-84C0-A9E61B38771F}.Release|Any CPU.Build.0 = Release|Any CPU
	EndGlobalSection
	GlobalSection(SolutionProperties) = preSolution
		HideSolutionNode = FALSE
	EndGlobalSection
	GlobalSection(ExtensibilityGlobals) = postSolution
		SolutionGuid = {E1430A6C-BC7C-4999-AF46-0F53F12E443B}
	EndGlobalSection
EndGlobal
